<?xml version="1.0" encoding="utf-8"?>
<Project ToolsVersion="4.0" xmlns="http://schemas.microsoft.com/developer/msbuild/2003">
  <ItemGroup>
    <Filter Include="Source Files">
      <UniqueIdentifier>{4FC737F1-C7A5-4376-A066-2A32D752A2FF}</UniqueIdentifier>
      <Extensions>cpp;c;cc;cxx;c++;cppm;ixx;def;odl;idl;hpj;bat;asm;asmx</Extensions>
    </Filter>
    <Filter Include="Header Files">
      <UniqueIdentifier>{93995380-89BD-4b04-88EB-625FBE52EBFB}</UniqueIdentifier>
      <Extensions>h;hh;hpp;hxx;h++;hm;inl;inc;ipp;xsd</Extensions>
    </Filter>
    <Filter Include="Resource Files">
      <UniqueIdentifier>{67DA6AB6-F800-4c08-8B7A-83BB121AAD01}</UniqueIdentifier>
      <Extensions>rc;ico;cur;bmp;dlg;rc2;rct;bin;rgs;gif;jpg;jpeg;jpe;resx;tiff;tif;png;wav;mfcribbon-ms</Extensions>
    </Filter>
    <Filter Include="Data">
      <UniqueIdentifier>{c4d96277-0bfb-47f9-b9fb-b62942627b96}</UniqueIdentifier>
    </Filter>
    <Filter Include="Core">
      <UniqueIdentifier>{8324f73d-eaf2-4031-9f9e-57343137f99e}</UniqueIdentifier>
    </Filter>
    <Filter Include="Labs">
      <UniqueIdentifier>{cbadf494-228a-496d-95f3-ed9cc3ea1b2a}</UniqueIdentifier>
    </Filter>
  </ItemGroup>
  <ItemGroup>
    <Text Include="Data\small_bin.txt">
      <Filter>Data</Filter>
    </Text>
    <Text Include="Data\big.txt">
      <Filter>Data</Filter>
    </Text>
    <Text Include="Data\big_bin.txt">
      <Filter>Data</Filter>
    </Text>
    <Text Include="Data\small.txt">
      <Filter>Data</Filter>
    </Text>
  </ItemGroup>
  <ItemGroup>
    <ClCompile Include="lab.cpp" />
    <ClCompile Include="Labs\lab_types.cpp">
      <Filter>Labs</Filter>
    </ClCompile>
    <ClCompile Include="Labs\lab2_1.cpp">
      <Filter>Labs</Filter>
    </ClCompile>
    <ClCompile Include="Labs\lab2_2.cpp">
      <Filter>Labs</Filter>
    </ClCompile>
    <ClCompile Include="Labs\lab3.cpp">
      <Filter>Labs</Filter>
    </ClCompile>
    <ClCompile Include="Labs\lab4.cpp">
      <Filter>Labs</Filter>
    </ClCompile>
    <ClCompile Include="Labs\maska.cpp">
      <Filter>Labs</Filter>
    </ClCompile>
    <ClCompile Include="Labs\maze.cpp">
      <Filter>Labs</Filter>
    </ClCompile>
    <ClCompile Include="Labs\slab_1.cpp">
      <Filter>Labs</Filter>
    </ClCompile>
    <ClCompile Include="Labs\slab_2.cpp">
      <Filter>Labs</Filter>
    </ClCompile>
    <ClCompile Include="Labs\slab_3.cpp">
      <Filter>Labs</Filter>
    </ClCompile>
    <ClCompile Include="Labs\shifr.cpp">
      <Filter>Labs</Filter>
    </ClCompile>
    <ClCompile Include="Core\matrix.cpp">
      <Filter>Core</Filter>
    </ClCompile>
    <ClCompile Include="Core\io.cpp">
      <Filter>Core</Filter>
    </ClCompile>
    <ClCompile Include="Core\helpfuncs.cpp">
      <Filter>Core</Filter>
    </ClCompile>
    <ClCompile Include="Labs\CRectangle.cpp">
      <Filter>Labs</Filter>
    </ClCompile>
    <ClCompile Include="Classes.cpp">
      <Filter>Labs</Filter>
    </ClCompile>
    <ClCompile Include="CTriangle.cpp">
      <Filter>Labs</Filter>
    </ClCompile>
    <ClCompile Include="CEllipse.cpp">
      <Filter>Labs</Filter>
    </ClCompile>
  </ItemGroup>
  <ItemGroup>
    <ClInclude Include="header.h" />
    <ClInclude Include="Labs\lab_types.h">
      <Filter>Labs</Filter>
    </ClInclude>
    <ClInclude Include="Labs\lab2_1.h">
      <Filter>Labs</Filter>
    </ClInclude>
    <ClInclude Include="Labs\lab2_2.h">
      <Filter>Labs</Filter>
    </ClInclude>
    <ClInclude Include="Labs\lab3.h">
      <Filter>Labs</Filter>
    </ClInclude>
    <ClInclude Include="Labs\lab4.h">
      <Filter>Labs</Filter>
    </ClInclude>
    <ClInclude Include="Labs\maska.h">
      <Filter>Labs</Filter>
    </ClInclude>
    <ClInclude Include="Labs\maze.h">
      <Filter>Labs</Filter>
    </ClInclude>
    <ClInclude Include="Labs\slab_1.h">
      <Filter>Labs</Filter>
    </ClInclude>
    <ClInclude Include="Labs\slab_2.h">
      <Filter>Labs</Filter>
    </ClInclude>
    <ClInclude Include="Labs\slab_3.h">
      <Filter>Labs</Filter>
    </ClInclude>
    <ClInclude Include="Labs\shifr.h">
      <Filter>Labs</Filter>
    </ClInclude>
    <ClInclude Include="Core\matrix.h">
      <Filter>Core</Filter>
    </ClInclude>
    <ClInclude Include="Core\io.h">
      <Filter>Core</Filter>
    </ClInclude>
    <ClInclude Include="Core\helpfuncs.h">
      <Filter>Core</Filter>
    </ClInclude>
    <ClInclude Include="Labs\class.h">
      <Filter>Labs</Filter>
    </ClInclude>
  </ItemGroup>
</Project>